{
  "name": "new-folder",
  "version": "1.0.0",
  "lockfileVersion": 1,
  "requires": true,
  "dependencies": {
    "wink-eng-lite-web-model": {
      "version": "1.2.1",
      "resolved": "https://registry.npmjs.org/wink-eng-lite-web-model/-/wink-eng-lite-web-model-1.2.1.tgz",
      "integrity": "sha512-5z6yLfOtAzIae1EcggkntxboEXPSfHyVwMnj9OmtoZxFA+Av1hNJbbshdC3kMwGtfFNW2CbcJkfH9SINmv6dig=="
    },
    "wink-nlp": {
      "version": "1.7.2",
      "resolved": "https://registry.npmjs.org/wink-nlp/-/wink-nlp-1.7.2.tgz",
      "integrity": "sha512-ocTGO6Rw6myDVDSckUOz/3kKMTVdebD30YhmBJEdb5+qaJTddbOJFislvnJwXApI4vu45Igq9QfP0RN6VgU+xQ=="
    }
  }
}
